
Microsoft Visual Studio Solution File, Format Version 12.00
# Visual Studio 15
VisualStudioVersion = 15.0.27130.2036
MinimumVisualStudioVersion = 10.0.40219.1
Project("{8BC9CEB8-8B4A-11D0-8D11-00A0C91BC942}") = "METiS", "METiS.vcxproj", "{A7A8C36C-A994-4112-A418-BF4D8CD22E1C}"
EndProject
Global
	GlobalSection(SolutionConfigurationPlatforms) = preSolution
		Debug|x64 = Debug|x64
		Debug|x86 = Debug|x86
		Release|x64 = Release|x64
		Release|x86 = Release|x86
	EndGlobalSection
	GlobalSection(ProjectConfigurationPlatforms) = postSolution
		{A7A8C36C-A994-4112-A418-BF4D8CD22E1C}.Debug|x64.ActiveCfg = Debug|x64
		{A7A8C36C-A994-4112-A418-BF4D8CD22E1C}.Debug|x64.Build.0 = Debug|x64
		{A7A8C36C-A994-4112-A418-BF4D8CD22E1C}.Debug|x86.ActiveCfg = Debug|Win32
		{A7A8C36C-A994-4112-A418-BF4D8CD22E1C}.Debug|x86.Build.0 = Debug|Win32
		{A7A8C36C-A994-4112-A418-BF4D8CD22E1C}.Release|x64.ActiveCfg = Release|x64
		{A7A8C36C-A994-4112-A418-BF4D8CD22E1C}.Release|x64.Build.0 = Release|x64
		{A7A8C36C-A994-4112-A418-BF4D8CD22E1C}.Release|x86.ActiveCfg = Release|Win32
		{A7A8C36C-A994-4112-A418-BF4D8CD22E1C}.Release|x86.Build.0 = Release|Win32
	EndGlobalSection
	GlobalSection(SolutionProperties) = preSolution
		HideSolutionNode = FALSE
	EndGlobalSection
	GlobalSection(ExtensibilityGlobals) = postSolution
		SolutionGuid = {D5426E41-64CD-44D4-A28D-89CB93EE3388}
	EndGlobalSection
EndGlobal
