<?xml version="1.0" encoding="UTF-8" standalone="yes" ?>
<CodeBlocks_project_file>
	<FileVersion major="1" minor="6" />
	<Project>
		<Option title="METiS" />
		<Option pch_mode="2" />
		<Option compiler="gcc" />
		<Build>
			<Target title="Debug">
				<Option output="bin/Debug/METiS" prefix_auto="1" extension_auto="1" />
				<Option object_output="obj/Debug/" />
				<Option type="1" />
				<Option compiler="gcc" />
				<Compiler>
					<Add option="-g" />
					<Add directory="/usr/include/armadillo_bits" />
				</Compiler>
				<Linker>
					<Add library="/usr/lib/x86_64-linux-gnu/openblas/libblas.a" />
					<Add library="/usr/lib/x86_64-linux-gnu/openblas/libblas.so" />
					<Add library="/usr/lib/x86_64-linux-gnu/openblas/liblapack.a" />
					<Add library="/usr/lib/x86_64-linux-gnu/openblas/liblapack.so" />
					<Add library="/usr/lib/x86_64-linux-gnu/libarmadillo.so" />
					<Add directory="/usr/lib/x86_64-linux-gnu" />
				</Linker>
			</Target>
			<Target title="Release">
				<Option output="bin/Release/METiS" prefix_auto="1" extension_auto="1" />
				<Option object_output="obj/Release/" />
				<Option type="1" />
				<Option compiler="gcc" />
				<Compiler>
					<Add option="-O2" />
				</Compiler>
				<Linker>
					<Add option="-s" />
				</Linker>
			</Target>
		</Build>
		<Compiler>
			<Add option="-Wall" />
			<Add option="-fexceptions" />
		</Compiler>
		<Unit filename="../src/ENVIR.cpp" />
		<Unit filename="../src/ENVIR.h" />
		<Unit filename="../src/FOWT.cpp" />
		<Unit filename="../src/FOWT.h" />
		<Unit filename="../src/Floater.cpp" />
		<Unit filename="../src/Floater.h" />
		<Unit filename="../src/IO.cpp" />
		<Unit filename="../src/IO.h" />
		<Unit filename="../src/MorisonCyl.cpp" />
		<Unit filename="../src/MorisonCyl.h" />
		<Unit filename="../src/MorisonElement.cpp" />
		<Unit filename="../src/MorisonElement.h" />
		<Unit filename="../src/MorisonRect.cpp" />
		<Unit filename="../src/MorisonRect.h" />
		<Unit filename="../src/Wave.cpp" />
		<Unit filename="../src/Wave.h" />
		<Unit filename="../src/auxiliarFunctions.cpp" />
		<Unit filename="../src/auxiliarFunctions.h" />
		<Unit filename="../src/main.cpp" />
		<Extensions>
			<code_completion />
			<debugger />
		</Extensions>
	</Project>
</CodeBlocks_project_file>
